
Microsoft Visual Studio Solution File, Format Version 12.00
# Visual Studio Version 17
VisualStudioVersion = 17.3.32901.215
MinimumVisualStudioVersion = 10.0.40219.1
Project("{FAE04EC0-301F-11D3-BF4B-00C04F79EFBC}") = "so_ProyectoCliente", "so_ProyectoCliente.csproj", "{CD568741-B2A3-4398-B3B4-477D5165A31E}"
EndProject
Global
	GlobalSection(SolutionConfigurationPlatforms) = preSolution
		Debug|Any CPU = Debug|Any CPU
		Release|Any CPU = Release|Any CPU
	EndGlobalSection
	GlobalSection(ProjectConfigurationPlatforms) = postSolution
		{CD568741-B2A3-4398-B3B4-477D5165A31E}.Debug|Any CPU.ActiveCfg = Debug|Any CPU
		{CD568741-B2A3-4398-B3B4-477D5165A31E}.Debug|Any CPU.Build.0 = Debug|Any CPU
		{CD568741-B2A3-4398-B3B4-477D5165A31E}.Release|Any CPU.ActiveCfg = Release|Any CPU
		{CD568741-B2A3-4398-B3B4-477D5165A31E}.Release|Any CPU.Build.0 = Release|Any CPU
	EndGlobalSection
	GlobalSection(SolutionProperties) = preSolution
		HideSolutionNode = FALSE
	EndGlobalSection
	GlobalSection(ExtensibilityGlobals) = postSolution
		SolutionGuid = {1FD2CB0A-C3F7-4511-89BF-E93FFDA84F74}
	EndGlobalSection
EndGlobal
