
Microsoft Visual Studio Solution File, Format Version 12.00
# Visual Studio Version 17
VisualStudioVersion = 17.3.32901.215
MinimumVisualStudioVersion = 10.0.40219.1
Project("{FAE04EC0-301F-11D3-BF4B-00C04F79EFBC}") = "so_ProyectoServidor", "so_ProyectoServidor.csproj", "{9716C62D-153E-406C-A506-C37233986D74}"
EndProject
Global
	GlobalSection(SolutionConfigurationPlatforms) = preSolution
		Debug|Any CPU = Debug|Any CPU
		Release|Any CPU = Release|Any CPU
	EndGlobalSection
	GlobalSection(ProjectConfigurationPlatforms) = postSolution
		{9716C62D-153E-406C-A506-C37233986D74}.Debug|Any CPU.ActiveCfg = Debug|Any CPU
		{9716C62D-153E-406C-A506-C37233986D74}.Debug|Any CPU.Build.0 = Debug|Any CPU
		{9716C62D-153E-406C-A506-C37233986D74}.Release|Any CPU.ActiveCfg = Release|Any CPU
		{9716C62D-153E-406C-A506-C37233986D74}.Release|Any CPU.Build.0 = Release|Any CPU
	EndGlobalSection
	GlobalSection(SolutionProperties) = preSolution
		HideSolutionNode = FALSE
	EndGlobalSection
	GlobalSection(ExtensibilityGlobals) = postSolution
		SolutionGuid = {83C342D9-D9A8-455C-856B-E3EAB7EF1DEB}
	EndGlobalSection
EndGlobal
